{
  "name": "connectors_uploader",
  "version": "1.0.0",
  "lockfileVersion": 3,
  "requires": true,
  "packages": {
    "": {
      "name": "connectors_uploader",
      "version": "1.0.0",
      "license": "ISC",
      "devDependencies": {
        "@playwright/test": "^1.33.0",
        "playwright": "^1.33.0",
        "playwright-core": "^1.33.0"
      }
    },
    "node_modules/@playwright/test": {
      "version": "1.43.0",
      "resolved": "https://registry.npmjs.org/@playwright/test/-/test-1.43.0.tgz",
      "integrity": "sha512-Ebw0+MCqoYflop7wVKj711ccbNlrwTBCtjY5rlbiY9kHL2bCYxq+qltK6uPsVBGGAOb033H2VO0YobcQVxoW7Q==",
      "dev": true,
      "dependencies": {
        "playwright": "1.43.0"
      },
      "bin": {
        "playwright": "cli.js"
      },
      "engines": {
        "node": ">=16"
      }
    },
    "node_modules/fsevents": {
      "version": "2.3.2",
      "resolved": "https://registry.npmjs.org/fsevents/-/fsevents-2.3.2.tgz",
      "integrity": "sha512-xiqMQR4xAeHTuB9uWm+fFRcIOgKBMiOBP+eXiyT7jsgVCq1bkVygt00oASowB7EdtpOHaaPgKt812P9ab+DDKA==",
      "dev": true,
      "hasInstallScript": true,
      "optional": true,
      "os": [
        "darwin"
      ],
      "engines": {
        "node": "^8.16.0 || ^10.6.0 || >=11.0.0"
      }
    },
    "node_modules/playwright": {
      "version": "1.43.0",
      "resolved": "https://registry.npmjs.org/playwright/-/playwright-1.43.0.tgz",
      "integrity": "sha512-SiOKHbVjTSf6wHuGCbqrEyzlm6qvXcv7mENP+OZon1I07brfZLGdfWV0l/efAzVx7TF3Z45ov1gPEkku9q25YQ==",
      "dev": true,
      "dependencies": {
        "playwright-core": "1.43.0"
      },
      "bin": {
        "playwright": "cli.js"
      },
      "engines": {
        "node": ">=16"
      },
      "optionalDependencies": {
        "fsevents": "2.3.2"
      }
    },
    "node_modules/playwright-core": {
      "version": "1.43.0",
      "resolved": "https://registry.npmjs.org/playwright-core/-/playwright-core-1.43.0.tgz",
      "integrity": "sha512-iWFjyBUH97+pUFiyTqSLd8cDMMOS0r2ZYz2qEsPjH8/bX++sbIJT35MSwKnp1r/OQBAqC5XO99xFbJ9XClhf4w==",
      "dev": true,
      "bin": {
        "playwright-core": "cli.js"
      },
      "engines": {
        "node": ">=16"
      }
    }
  }
}
